github.com/cshoredaniel/fusebar v0.2.4 h1:8yHQNAD8QEgjhZS5vLo1aF9XMJUQNwUpdlk3b8Xq/Pg=
github.com/cshoredaniel/fusebar v0.2.4/go.mod h1:V2HqAau0XGltoCJpLZ/kYzFxbp+XW+lTjXH9aCMNbus=
github.com/cshoredaniel/krisk-Fuse v5.2.3+incompatible h1:wZ0jj3gcaBNRSAzhEKzFG0oUWMYy6TGSnw+SNlHi1hQ=
github.com/cshoredaniel/krisk-Fuse v5.2.3+incompatible/go.mod h1:434Ez74tgfxcK9MT4rtvYSEvM26lvKJ4ofJozK5kZtc=
github.com/cshoredaniel/necolas-normalize.css v8.0.2+incompatible h1:SMUe6f3rRSIJJMS4XvChSNICixPthdeayski0hGQv1o=
github.com/cshoredaniel/necolas-normalize.css v8.0.2+incompatible/go.mod h1:hIQuEJDaX3gyw6Dc1h8a1Jz2An2sEC7adEvouNCDezY=
